
Microsoft Visual Studio Solution File, Format Version 12.00
# Visual Studio Version 17
VisualStudioVersion = 17.0.31919.166
MinimumVisualStudioVersion = 10.0.40219.1
Project("{9A19103F-16F7-4668-BE54-9A1E7A4F7556}") = "Project1.Api", "Project1.Api\Project1.Api.csproj", "{79CD1B79-60F1-4F36-AB7C-4048203C5B2A}"
EndProject
Project("{9A19103F-16F7-4668-BE54-9A1E7A4F7556}") = "Project1.DB", "Project1.DB\Project1.DB.csproj", "{D3DFA381-A759-4FB2-B9F3-9AF0A6F8B49B}"
EndProject
Project("{9A19103F-16F7-4668-BE54-9A1E7A4F7556}") = "Project1.Logic", "Project1.Logic\Project1.Logic.csproj", "{C4AE922C-3644-4DFE-9B4B-4C7307546EAD}"
EndProject
Global
	GlobalSection(SolutionConfigurationPlatforms) = preSolution
		Debug|Any CPU = Debug|Any CPU
		Release|Any CPU = Release|Any CPU
	EndGlobalSection
	GlobalSection(ProjectConfigurationPlatforms) = postSolution
		{79CD1B79-60F1-4F36-AB7C-4048203C5B2A}.Debug|Any CPU.ActiveCfg = Debug|Any CPU
		{79CD1B79-60F1-4F36-AB7C-4048203C5B2A}.Debug|Any CPU.Build.0 = Debug|Any CPU
		{79CD1B79-60F1-4F36-AB7C-4048203C5B2A}.Release|Any CPU.ActiveCfg = Release|Any CPU
		{79CD1B79-60F1-4F36-AB7C-4048203C5B2A}.Release|Any CPU.Build.0 = Release|Any CPU
		{D3DFA381-A759-4FB2-B9F3-9AF0A6F8B49B}.Debug|Any CPU.ActiveCfg = Debug|Any CPU
		{D3DFA381-A759-4FB2-B9F3-9AF0A6F8B49B}.Debug|Any CPU.Build.0 = Debug|Any CPU
		{D3DFA381-A759-4FB2-B9F3-9AF0A6F8B49B}.Release|Any CPU.ActiveCfg = Release|Any CPU
		{D3DFA381-A759-4FB2-B9F3-9AF0A6F8B49B}.Release|Any CPU.Build.0 = Release|Any CPU
		{C4AE922C-3644-4DFE-9B4B-4C7307546EAD}.Debug|Any CPU.ActiveCfg = Debug|Any CPU
		{C4AE922C-3644-4DFE-9B4B-4C7307546EAD}.Debug|Any CPU.Build.0 = Debug|Any CPU
		{C4AE922C-3644-4DFE-9B4B-4C7307546EAD}.Release|Any CPU.ActiveCfg = Release|Any CPU
		{C4AE922C-3644-4DFE-9B4B-4C7307546EAD}.Release|Any CPU.Build.0 = Release|Any CPU
	EndGlobalSection
	GlobalSection(SolutionProperties) = preSolution
		HideSolutionNode = FALSE
	EndGlobalSection
	GlobalSection(ExtensibilityGlobals) = postSolution
		SolutionGuid = {5F3D7DE2-0AB1-4AC9-83D3-851F0D924AE7}
	EndGlobalSection
EndGlobal
